// !$*UTF8*$!
{
	archiveVersion = 1;
	classes = {
	};
	objectVersion = 77;
	objects = {

/* Begin PBXContainerItemProxy section */
		43A1E57F2E41905B00F4C891 /* PBXContainerItemProxy */ = {
			isa = PBXContainerItemProxy;
			containerPortal = 43A1E5682E41905A00F4C891 /* Project object */;
			proxyType = 1;
			remoteGlobalIDString = 43A1E56F2E41905A00F4C891;
			remoteInfo = iCopy;
		};
		43A1E5892E41905B00F4C891 /* PBXContainerItemProxy */ = {
			isa = PBXContainerItemProxy;
			containerPortal = 43A1E5682E41905A00F4C891 /* Project object */;
			proxyType = 1;
			remoteGlobalIDString = 43A1E56F2E41905A00F4C891;
			remoteInfo = iCopy;
		};
/* End PBXContainerItemProxy section */

/* Begin PBXFileReference section */
		43A1E5702E41905A00F4C891 /* iCopy.app */ = {isa = PBXFileReference; explicitFileType = wrapper.application; includeInIndex = 0; path = iCopy.app; sourceTree = BUILT_PRODUCTS_DIR; };
		43A1E57E2E41905B00F4C891 /* iCopyTests.xctest */ = {isa = PBXFileReference; explicitFileType = wrapper.cfbundle; includeInIndex = 0; path = iCopyTests.xctest; sourceTree = BUILT_PRODUCTS_DIR; };
		43A1E5882E41905B00F4C891 /* iCopyUITests.xctest */ = {isa = PBXFileReference; explicitFileType = wrapper.cfbundle; includeInIndex = 0; path = iCopyUITests.xctest; sourceTree = BUILT_PRODUCTS_DIR; };
/* End PBXFileReference section */

/* Begin PBXFileSystemSynchronizedRootGroup section */
		43A1E5722E41905A00F4C891 /* iCopy */ = {
			isa = PBXFileSystemSynchronizedRootGroup;
			path = iCopy;
			sourceTree = "<group>";
		};
		43A1E5812E41905B00F4C891 /* iCopyTests */ = {
			isa = PBXFileSystemSynchronizedRootGroup;
			path = iCopyTests;
			sourceTree = "<group>";
		};
		43A1E58B2E41905B00F4C891 /* iCopyUITests */ = {
			isa = PBXFileSystemSynchronizedRootGroup;
			path = iCopyUITests;
			sourceTree = "<group>";
		};
/* End PBXFileSystemSynchronizedRootGroup section */

/* Begin PBXFrameworksBuildPhase section */
		43A1E56D2E41905A00F4C891 /* Frameworks */ = {
			isa = PBXFrameworksBuildPhase;
			buildActionMask = 2147483647;
			files = (
			);
			runOnlyForDeploymentPostprocessing = 0;
		};
		43A1E57B2E41905B00F4C891 /* Frameworks */ = {
			isa = PBXFrameworksBuildPhase;
			buildActionMask = 2147483647;
			files = (
			);
			runOnlyForDeploymentPostprocessing = 0;
		};
		43A1E5852E41905B00F4C891 /* Frameworks */ = {
			isa = PBXFrameworksBuildPhase;
			buildActionMask = 2147483647;
			files = (
			);
			runOnlyForDeploymentPostprocessing = 0;
		};
/* End PBXFrameworksBuildPhase section */

/* Begin PBXGroup section */
		43A1E5672E41905A00F4C891 = {
			isa = PBXGroup;
			children = (
				43A1E5722E41905A00F4C891 /* iCopy */,
				43A1E5812E41905B00F4C891 /* iCopyTests */,
				43A1E58B2E41905B00F4C891 /* iCopyUITests */,
				43A1E5712E41905A00F4C891 /* Products */,
			);
			sourceTree = "<group>";
		};
		43A1E5712E41905A00F4C891 /* Products */ = {
			isa = PBXGroup;
			children = (
				43A1E5702E41905A00F4C891 /* iCopy.app */,
				43A1E57E2E41905B00F4C891 /* iCopyTests.xctest */,
				43A1E5882E41905B00F4C891 /* iCopyUITests.xctest */,
			);
			name = Products;
			sourceTree = "<group>";
		};
/* End PBXGroup section */

/* Begin PBXNativeTarget section */
		43A1E56F2E41905A00F4C891 /* iCopy */ = {
			isa = PBXNativeTarget;
			buildConfigurationList = 43A1E5922E41905B00F4C891 /* Build configuration list for PBXNativeTarget "iCopy" */;
			buildPhases = (
				43A1E56C2E41905A00F4C891 /* Sources */,
				43A1E56D2E41905A00F4C891 /* Frameworks */,
				43A1E56E2E41905A00F4C891 /* Resources */,
			);
			buildRules = (
			);
			dependencies = (
			);
			fileSystemSynchronizedGroups = (
				43A1E5722E41905A00F4C891 /* iCopy */,
			);
			name = iCopy;
			packageProductDependencies = (
			);
			productName = iCopy;
			productReference = 43A1E5702E41905A00F4C891 /* iCopy.app */;
			productType = "com.apple.product-type.application";
		};
		43A1E57D2E41905B00F4C891 /* iCopyTests */ = {
			isa = PBXNativeTarget;
			buildConfigurationList = 43A1E5952E41905B00F4C891 /* Build configuration list for PBXNativeTarget "iCopyTests" */;
			buildPhases = (
				43A1E57A2E41905B00F4C891 /* Sources */,
				43A1E57B2E41905B00F4C891 /* Frameworks */,
				43A1E57C2E41905B00F4C891 /* Resources */,
			);
			buildRules = (
			);
			dependencies = (
				43A1E5802E41905B00F4C891 /* PBXTargetDependency */,
			);
			fileSystemSynchronizedGroups = (
				43A1E5812E41905B00F4C891 /* iCopyTests */,
			);
			name = iCopyTests;
			packageProductDependencies = (
			);
			productName = iCopyTests;
			productReference = 43A1E57E2E41905B00F4C891 /* iCopyTests.xctest */;
			productType = "com.apple.product-type.bundle.unit-test";
		};
		43A1E5872E41905B00F4C891 /* iCopyUITests */ = {
			isa = PBXNativeTarget;
			buildConfigurationList = 43A1E5982E41905B00F4C891 /* Build configuration list for PBXNativeTarget "iCopyUITests" */;
			buildPhases = (
				43A1E5842E41905B00F4C891 /* Sources */,
				43A1E5852E41905B00F4C891 /* Frameworks */,
				43A1E5862E41905B00F4C891 /* Resources */,
			);
			buildRules = (
			);
			dependencies = (
				43A1E58A2E41905B00F4C891 /* PBXTargetDependency */,
			);
			fileSystemSynchronizedGroups = (
				43A1E58B2E41905B00F4C891 /* iCopyUITests */,
			);
			name = iCopyUITests;
			packageProductDependencies = (
			);
			productName = iCopyUITests;
			productReference = 43A1E5882E41905B00F4C891 /* iCopyUITests.xctest */;
			productType = "com.apple.product-type.bundle.ui-testing";
		};
/* End PBXNativeTarget section */

/* Begin PBXProject section */
		43A1E5682E41905A00F4C891 /* Project object */ = {
			isa = PBXProject;
			attributes = {
				BuildIndependentTargetsInParallel = 1;
				LastSwiftUpdateCheck = 1640;
				LastUpgradeCheck = 1640;
				TargetAttributes = {
					43A1E56F2E41905A00F4C891 = {
						CreatedOnToolsVersion = 16.4;
					};
					43A1E57D2E41905B00F4C891 = {
						CreatedOnToolsVersion = 16.4;
						TestTargetID = 43A1E56F2E41905A00F4C891;
					};
					43A1E5872E41905B00F4C891 = {
						CreatedOnToolsVersion = 16.4;
						TestTargetID = 43A1E56F2E41905A00F4C891;
					};
				};
			};
			buildConfigurationList = 43A1E56B2E41905A00F4C891 /* Build configuration list for PBXProject "iCopy" */;
			developmentRegion = en;
			hasScannedForEncodings = 0;
			knownRegions = (
				en,
				Base,
			);
			mainGroup = 43A1E5672E41905A00F4C891;
			minimizedProjectReferenceProxies = 1;
			preferredProjectObjectVersion = 77;
			productRefGroup = 43A1E5712E41905A00F4C891 /* Products */;
			projectDirPath = "";
			projectRoot = "";
			targets = (
				43A1E56F2E41905A00F4C891 /* iCopy */,
				43A1E57D2E41905B00F4C891 /* iCopyTests */,
				43A1E5872E41905B00F4C891 /* iCopyUITests */,
			);
		};
/* End PBXProject section */

/* Begin PBXResourcesBuildPhase section */
		43A1E56E2E41905A00F4C891 /* Resources */ = {
			isa = PBXResourcesBuildPhase;
			buildActionMask = 2147483647;
			files = (
			);
			runOnlyForDeploymentPostprocessing = 0;
		};
		43A1E57C2E41905B00F4C891 /* Resources */ = {
			isa = PBXResourcesBuildPhase;
			buildActionMask = 2147483647;
			files = (
			);
			runOnlyForDeploymentPostprocessing = 0;
		};
		43A1E5862E41905B00F4C891 /* Resources */ = {
			isa = PBXResourcesBuildPhase;
			buildActionMask = 2147483647;
			files = (
			);
			runOnlyForDeploymentPostprocessing = 0;
		};
/* End PBXResourcesBuildPhase section */

/* Begin PBXSourcesBuildPhase section */
		43A1E56C2E41905A00F4C891 /* Sources */ = {
			isa = PBXSourcesBuildPhase;
			buildActionMask = 2147483647;
			files = (
			);
			runOnlyForDeploymentPostprocessing = 0;
		};
		43A1E57A2E41905B00F4C891 /* Sources */ = {
			isa = PBXSourcesBuildPhase;
			buildActionMask = 2147483647;
			files = (
			);
			runOnlyForDeploymentPostprocessing = 0;
		};
		43A1E5842E41905B00F4C891 /* Sources */ = {
			isa = PBXSourcesBuildPhase;
			buildActionMask = 2147483647;
			files = (
			);
			runOnlyForDeploymentPostprocessing = 0;
		};
/* End PBXSourcesBuildPhase section */

/* Begin PBXTargetDependency section */
		43A1E5802E41905B00F4C891 /* PBXTargetDependency */ = {
			isa = PBXTargetDependency;
			target = 43A1E56F2E41905A00F4C891 /* iCopy */;
			targetProxy = 43A1E57F2E41905B00F4C891 /* PBXContainerItemProxy */;
		};
		43A1E58A2E41905B00F4C891 /* PBXTargetDependency */ = {
			isa = PBXTargetDependency;
			target = 43A1E56F2E41905A00F4C891 /* iCopy */;
			targetProxy = 43A1E5892E41905B00F4C891 /* PBXContainerItemProxy */;
		};
/* End PBXTargetDependency section */

/* Begin XCBuildConfiguration section */
		43A1E5902E41905B00F4C891 /* Debug */ = {
			isa = XCBuildConfiguration;
			buildSettings = {
				ALWAYS_SEARCH_USER_PATHS = NO;
				ASSETCATALOG_COMPILER_GENERATE_SWIFT_ASSET_SYMBOL_EXTENSIONS = YES;
				CLANG_ANALYZER_NONNULL = YES;
				CLANG_ANALYZER_NUMBER_OBJECT_CONVERSION = YES_AGGRESSIVE;
				CLANG_CXX_LANGUAGE_STANDARD = "gnu++20";
				CLANG_ENABLE_MODULES = YES;
				CLANG_ENABLE_OBJC_ARC = YES;
				CLANG_ENABLE_OBJC_WEAK = YES;
				CLANG_WARN_BLOCK_CAPTURE_AUTORELEASING = YES;
				CLANG_WARN_BOOL_CONVERSION = YES;
				CLANG_WARN_COMMA = YES;
				CLANG_WARN_CONSTANT_CONVERSION = YES;
				CLANG_WARN_DEPRECATED_OBJC_IMPLEMENTATIONS = YES;
				CLANG_WARN_DIRECT_OBJC_ISA_USAGE = YES_ERROR;
				CLANG_WARN_DOCUMENTATION_COMMENTS = YES;
				CLANG_WARN_EMPTY_BODY = YES;
				CLANG_WARN_ENUM_CONVERSION = YES;
				CLANG_WARN_INFINITE_RECURSION = YES;
				CLANG_WARN_INT_CONVERSION = YES;
				CLANG_WARN_NON_LITERAL_NULL_CONVERSION = YES;
				CLANG_WARN_OBJC_IMPLICIT_RETAIN_SELF = YES;
				CLANG_WARN_OBJC_LITERAL_CONVERSION = YES;
				CLANG_WARN_OBJC_ROOT_CLASS = YES_ERROR;
				CLANG_WARN_QUOTED_INCLUDE_IN_FRAMEWORK_HEADER = YES;
				CLANG_WARN_RANGE_LOOP_ANALYSIS = YES;
				CLANG_WARN_STRICT_PROTOTYPES = YES;
				CLANG_WARN_SUSPICIOUS_MOVE = YES;
				CLANG_WARN_UNGUARDED_AVAILABILITY = YES_AGGRESSIVE;
				CLANG_WARN_UNREACHABLE_CODE = YES;
				CLANG_WARN__DUPLICATE_METHOD_MATCH = YES;
				COPY_PHASE_STRIP = NO;
				DEBUG_INFORMATION_FORMAT = dwarf;
				ENABLE_STRICT_OBJC_MSGSEND = YES;
				ENABLE_TESTABILITY = YES;
				ENABLE_USER_SCRIPT_SANDBOXING = YES;
				GCC_C_LANGUAGE_STANDARD = gnu17;
				GCC_DYNAMIC_NO_PIC = NO;
				GCC_NO_COMMON_BLOCKS = YES;
				GCC_OPTIMIZATION_LEVEL = 0;
				GCC_PREPROCESSOR_DEFINITIONS = (
					"DEBUG=1",
					"$(inherited)",
				);
				GCC_WARN_64_TO_32_BIT_CONVERSION = YES;
				GCC_WARN_ABOUT_RETURN_TYPE = YES_ERROR;
				GCC_WARN_UNDECLARED_SELECTOR = YES;
				GCC_WARN_UNINITIALIZED_AUTOS = YES_AGGRESSIVE;
				GCC_WARN_UNUSED_FUNCTION = YES;
				GCC_WARN_UNUSED_VARIABLE = YES;
				LOCALIZATION_PREFERS_STRING_CATALOGS = YES;
				MACOSX_DEPLOYMENT_TARGET = 15.4;
				MTL_ENABLE_DEBUG_INFO = INCLUDE_SOURCE;
				MTL_FAST_MATH = YES;
				ONLY_ACTIVE_ARCH = YES;
				SDKROOT = macosx;
				SWIFT_ACTIVE_COMPILATION_CONDITIONS = "DEBUG $(inherited)";
				SWIFT_OPTIMIZATION_LEVEL = "-Onone";
			};
			name = Debug;
		};
		43A1E5912E41905B00F4C891 /* Release */ = {
			isa = XCBuildConfiguration;
			buildSettings = {
				ALWAYS_SEARCH_USER_PATHS = NO;
				ASSETCATALOG_COMPILER_GENERATE_SWIFT_ASSET_SYMBOL_EXTENSIONS = YES;
				CLANG_ANALYZER_NONNULL = YES;
				CLANG_ANALYZER_NUMBER_OBJECT_CONVERSION = YES_AGGRESSIVE;
				CLANG_CXX_LANGUAGE_STANDARD = "gnu++20";
				CLANG_ENABLE_MODULES = YES;
				CLANG_ENABLE_OBJC_ARC = YES;
				CLANG_ENABLE_OBJC_WEAK = YES;
				CLANG_WARN_BLOCK_CAPTURE_AUTORELEASING = YES;
				CLANG_WARN_BOOL_CONVERSION = YES;
				CLANG_WARN_COMMA = YES;
				CLANG_WARN_CONSTANT_CONVERSION = YES;
				CLANG_WARN_DEPRECATED_OBJC_IMPLEMENTATIONS = YES;
				CLANG_WARN_DIRECT_OBJC_ISA_USAGE = YES_ERROR;
				CLANG_WARN_DOCUMENTATION_COMMENTS = YES;
				CLANG_WARN_EMPTY_BODY = YES;
				CLANG_WARN_ENUM_CONVERSION = YES;
				CLANG_WARN_INFINITE_RECURSION = YES;
				CLANG_WARN_INT_CONVERSION = YES;
				CLANG_WARN_NON_LITERAL_NULL_CONVERSION = YES;
				CLANG_WARN_OBJC_IMPLICIT_RETAIN_SELF = YES;
				CLANG_WARN_OBJC_LITERAL_CONVERSION = YES;
				CLANG_WARN_OBJC_ROOT_CLASS = YES_ERROR;
				CLANG_WARN_QUOTED_INCLUDE_IN_FRAMEWORK_HEADER = YES;
				CLANG_WARN_RANGE_LOOP_ANALYSIS = YES;
				CLANG_WARN_STRICT_PROTOTYPES = YES;
				CLANG_WARN_SUSPICIOUS_MOVE = YES;
				CLANG_WARN_UNGUARDED_AVAILABILITY = YES_AGGRESSIVE;
				CLANG_WARN_UNREACHABLE_CODE = YES;
				CLANG_WARN__DUPLICATE_METHOD_MATCH = YES;
				COPY_PHASE_STRIP = NO;
				DEBUG_INFORMATION_FORMAT = "dwarf-with-dsym";
				ENABLE_NS_ASSERTIONS = NO;
				ENABLE_STRICT_OBJC_MSGSEND = YES;
				ENABLE_USER_SCRIPT_SANDBOXING = YES;
				GCC_C_LANGUAGE_STANDARD = gnu17;
				GCC_NO_COMMON_BLOCKS = YES;
				GCC_WARN_64_TO_32_BIT_CONVERSION = YES;
				GCC_WARN_ABOUT_RETURN_TYPE = YES_ERROR;
				GCC_WARN_UNDECLARED_SELECTOR = YES;
				GCC_WARN_UNINITIALIZED_AUTOS = YES_AGGRESSIVE;
				GCC_WARN_UNUSED_FUNCTION = YES;
				GCC_WARN_UNUSED_VARIABLE = YES;
				LOCALIZATION_PREFERS_STRING_CATALOGS = YES;
				MACOSX_DEPLOYMENT_TARGET = 15.4;
				MTL_ENABLE_DEBUG_INFO = NO;
				MTL_FAST_MATH = YES;
				SDKROOT = macosx;
				SWIFT_COMPILATION_MODE = wholemodule;
			};
			name = Release;
		};
		43A1E5932E41905B00F4C891 /* Debug */ = {
			isa = XCBuildConfiguration;
			buildSettings = {
				ASSETCATALOG_COMPILER_APPICON_NAME = AppIcon;
				ASSETCATALOG_COMPILER_GLOBAL_ACCENT_COLOR_NAME = AccentColor;
				CODE_SIGN_ENTITLEMENTS = iCopy/iCopy.entitlements;
				CODE_SIGN_STYLE = Automatic;
				COMBINE_HIDPI_IMAGES = YES;
				CURRENT_PROJECT_VERSION = 1;
				ENABLE_PREVIEWS = YES;
				GENERATE_INFOPLIST_FILE = YES;
				INFOPLIST_FILE = iCopy/info.plist;
				INFOPLIST_KEY_NSHumanReadableCopyright = "";
				LD_RUNPATH_SEARCH_PATHS = (
					"$(inherited)",
					"@executable_path/../Frameworks",
				);
				MACOSX_DEPLOYMENT_TARGET = 11.5;
				MARKETING_VERSION = 1.0;
				PRODUCT_BUNDLE_IDENTIFIER = jbluebird.iCopy;
				PRODUCT_NAME = "$(TARGET_NAME)";
				REGISTER_APP_GROUPS = YES;
				SWIFT_EMIT_LOC_STRINGS = YES;
				SWIFT_VERSION = 5.0;
			};
			name = Debug;
		};
		43A1E5942E41905B00F4C891 /* Release */ = {
			isa = XCBuildConfiguration;
			buildSettings = {
				ASSETCATALOG_COMPILER_APPICON_NAME = AppIcon;
				ASSETCATALOG_COMPILER_GLOBAL_ACCENT_COLOR_NAME = AccentColor;
				CODE_SIGN_ENTITLEMENTS = iCopy/iCopy.entitlements;
				CODE_SIGN_STYLE = Automatic;
				COMBINE_HIDPI_IMAGES = YES;
				CURRENT_PROJECT_VERSION = 1;
				ENABLE_PREVIEWS = YES;
				GENERATE_INFOPLIST_FILE = YES;
				INFOPLIST_FILE = iCopy/info.plist;
				INFOPLIST_KEY_NSHumanReadableCopyright = "";
				LD_RUNPATH_SEARCH_PATHS = (
					"$(inherited)",
					"@executable_path/../Frameworks",
				);
				MACOSX_DEPLOYMENT_TARGET = 11.5;
				MARKETING_VERSION = 1.0;
				PRODUCT_BUNDLE_IDENTIFIER = jbluebird.iCopy;
				PRODUCT_NAME = "$(TARGET_NAME)";
				REGISTER_APP_GROUPS = YES;
				SWIFT_EMIT_LOC_STRINGS = YES;
				SWIFT_VERSION = 5.0;
			};
			name = Release;
		};
		43A1E5962E41905B00F4C891 /* Debug */ = {
			isa = XCBuildConfiguration;
			buildSettings = {
				BUNDLE_LOADER = "$(TEST_HOST)";
				CODE_SIGN_STYLE = Automatic;
				CURRENT_PROJECT_VERSION = 1;
				GENERATE_INFOPLIST_FILE = YES;
				MACOSX_DEPLOYMENT_TARGET = 15.4;
				MARKETING_VERSION = 1.0;
				PRODUCT_BUNDLE_IDENTIFIER = jbluebird.iCopyTests;
				PRODUCT_NAME = "$(TARGET_NAME)";
				SWIFT_EMIT_LOC_STRINGS = NO;
				SWIFT_VERSION = 5.0;
				TEST_HOST = "$(BUILT_PRODUCTS_DIR)/iCopy.app/$(BUNDLE_EXECUTABLE_FOLDER_PATH)/iCopy";
			};
			name = Debug;
		};
		43A1E5972E41905B00F4C891 /* Release */ = {
			isa = XCBuildConfiguration;
			buildSettings = {
				BUNDLE_LOADER = "$(TEST_HOST)";
				CODE_SIGN_STYLE = Automatic;
				CURRENT_PROJECT_VERSION = 1;
				GENERATE_INFOPLIST_FILE = YES;
				MACOSX_DEPLOYMENT_TARGET = 15.4;
				MARKETING_VERSION = 1.0;
				PRODUCT_BUNDLE_IDENTIFIER = jbluebird.iCopyTests;
				PRODUCT_NAME = "$(TARGET_NAME)";
				SWIFT_EMIT_LOC_STRINGS = NO;
				SWIFT_VERSION = 5.0;
				TEST_HOST = "$(BUILT_PRODUCTS_DIR)/iCopy.app/$(BUNDLE_EXECUTABLE_FOLDER_PATH)/iCopy";
			};
			name = Release;
		};
		43A1E5992E41905B00F4C891 /* Debug */ = {
			isa = XCBuildConfiguration;
			buildSettings = {
				CODE_SIGN_STYLE = Automatic;
				CURRENT_PROJECT_VERSION = 1;
				GENERATE_INFOPLIST_FILE = YES;
				MARKETING_VERSION = 1.0;
				PRODUCT_BUNDLE_IDENTIFIER = jbluebird.iCopyUITests;
				PRODUCT_NAME = "$(TARGET_NAME)";
				SWIFT_EMIT_LOC_STRINGS = NO;
				SWIFT_VERSION = 5.0;
				TEST_TARGET_NAME = iCopy;
			};
			name = Debug;
		};
		43A1E59A2E41905B00F4C891 /* Release */ = {
			isa = XCBuildConfiguration;
			buildSettings = {
				CODE_SIGN_STYLE = Automatic;
				CURRENT_PROJECT_VERSION = 1;
				GENERATE_INFOPLIST_FILE = YES;
				MARKETING_VERSION = 1.0;
				PRODUCT_BUNDLE_IDENTIFIER = jbluebird.iCopyUITests;
				PRODUCT_NAME = "$(TARGET_NAME)";
				SWIFT_EMIT_LOC_STRINGS = NO;
				SWIFT_VERSION = 5.0;
				TEST_TARGET_NAME = iCopy;
			};
			name = Release;
		};
/* End XCBuildConfiguration section */

/* Begin XCConfigurationList section */
		43A1E56B2E41905A00F4C891 /* Build configuration list for PBXProject "iCopy" */ = {
			isa = XCConfigurationList;
			buildConfigurations = (
				43A1E5902E41905B00F4C891 /* Debug */,
				43A1E5912E41905B00F4C891 /* Release */,
			);
			defaultConfigurationIsVisible = 0;
			defaultConfigurationName = Release;
		};
		43A1E5922E41905B00F4C891 /* Build configuration list for PBXNativeTarget "iCopy" */ = {
			isa = XCConfigurationList;
			buildConfigurations = (
				43A1E5932E41905B00F4C891 /* Debug */,
				43A1E5942E41905B00F4C891 /* Release */,
			);
			defaultConfigurationIsVisible = 0;
			defaultConfigurationName = Release;
		};
		43A1E5952E41905B00F4C891 /* Build configuration list for PBXNativeTarget "iCopyTests" */ = {
			isa = XCConfigurationList;
			buildConfigurations = (
				43A1E5962E41905B00F4C891 /* Debug */,
				43A1E5972E41905B00F4C891 /* Release */,
			);
			defaultConfigurationIsVisible = 0;
			defaultConfigurationName = Release;
		};
		43A1E5982E41905B00F4C891 /* Build configuration list for PBXNativeTarget "iCopyUITests" */ = {
			isa = XCConfigurationList;
			buildConfigurations = (
				43A1E5992E41905B00F4C891 /* Debug */,
				43A1E59A2E41905B00F4C891 /* Release */,
			);
			defaultConfigurationIsVisible = 0;
			defaultConfigurationName = Release;
		};
/* End XCConfigurationList section */
	};
	rootObject = 43A1E5682E41905A00F4C891 /* Project object */;
}
